
Microsoft Visual Studio Solution File, Format Version 11.00
# Visual Studio 2010
Project("{F184B08F-C81C-45F6-A57F-5ABD9991F28F}") = "HeyDude.ClientInterface", "HeyDude.ClientInterface\HeyDude.ClientInterface.vbproj", "{31818FC3-898E-4B40-B663-DAB631664047}"
EndProject
Project("{F184B08F-C81C-45F6-A57F-5ABD9991F28F}") = "HeyDude.CustomControls", "HeyDude.CustomControls\HeyDude.CustomControls.vbproj", "{366439BB-04AD-45EC-A799-6F1C2087384B}"
EndProject
Project("{F184B08F-C81C-45F6-A57F-5ABD9991F28F}") = "HeyDude.DataAccess", "HeyDude.DataAccess\HeyDude.DataAccess.vbproj", "{447762D5-6B61-40A1-A40A-58002366039E}"
EndProject
Project("{F184B08F-C81C-45F6-A57F-5ABD9991F28F}") = "HeyDude.Entities", "HeyDude.Entities\HeyDude.Entities.vbproj", "{5CFA08D8-325B-44DB-8494-4435A1D84885}"
EndProject
Project("{F184B08F-C81C-45F6-A57F-5ABD9991F28F}") = "HeyDude.UnitTest", "HeyDude.UnitTest\HeyDude.UnitTest.vbproj", "{03CC5C24-2ED1-4031-A2FD-BF8816315D90}"
EndProject
Global
	GlobalSection(SolutionConfigurationPlatforms) = preSolution
		Debug|x86 = Debug|x86
		Release|x86 = Release|x86
	EndGlobalSection
	GlobalSection(ProjectConfigurationPlatforms) = postSolution
		{31818FC3-898E-4B40-B663-DAB631664047}.Debug|x86.ActiveCfg = Debug|x86
		{31818FC3-898E-4B40-B663-DAB631664047}.Debug|x86.Build.0 = Debug|x86
		{31818FC3-898E-4B40-B663-DAB631664047}.Release|x86.ActiveCfg = Release|x86
		{31818FC3-898E-4B40-B663-DAB631664047}.Release|x86.Build.0 = Release|x86
		{366439BB-04AD-45EC-A799-6F1C2087384B}.Debug|x86.ActiveCfg = Debug|x86
		{366439BB-04AD-45EC-A799-6F1C2087384B}.Debug|x86.Build.0 = Debug|x86
		{366439BB-04AD-45EC-A799-6F1C2087384B}.Release|x86.ActiveCfg = Release|x86
		{366439BB-04AD-45EC-A799-6F1C2087384B}.Release|x86.Build.0 = Release|x86
		{447762D5-6B61-40A1-A40A-58002366039E}.Debug|x86.ActiveCfg = Debug|x86
		{447762D5-6B61-40A1-A40A-58002366039E}.Debug|x86.Build.0 = Debug|x86
		{447762D5-6B61-40A1-A40A-58002366039E}.Release|x86.ActiveCfg = Release|x86
		{447762D5-6B61-40A1-A40A-58002366039E}.Release|x86.Build.0 = Release|x86
		{5CFA08D8-325B-44DB-8494-4435A1D84885}.Debug|x86.ActiveCfg = Debug|x86
		{5CFA08D8-325B-44DB-8494-4435A1D84885}.Debug|x86.Build.0 = Debug|x86
		{5CFA08D8-325B-44DB-8494-4435A1D84885}.Release|x86.ActiveCfg = Release|x86
		{5CFA08D8-325B-44DB-8494-4435A1D84885}.Release|x86.Build.0 = Release|x86
		{03CC5C24-2ED1-4031-A2FD-BF8816315D90}.Debug|x86.ActiveCfg = Debug|x86
		{03CC5C24-2ED1-4031-A2FD-BF8816315D90}.Debug|x86.Build.0 = Debug|x86
		{03CC5C24-2ED1-4031-A2FD-BF8816315D90}.Release|x86.ActiveCfg = Release|x86
		{03CC5C24-2ED1-4031-A2FD-BF8816315D90}.Release|x86.Build.0 = Release|x86
	EndGlobalSection
	GlobalSection(SolutionProperties) = preSolution
		HideSolutionNode = FALSE
	EndGlobalSection
EndGlobal
